
Microsoft Visual Studio Solution File, Format Version 12.00
# Visual Studio Version 17
VisualStudioVersion = 17.4.33213.308
MinimumVisualStudioVersion = 10.0.40219.1
Project("{FAE04EC0-301F-11D3-BF4B-00C04F79EFBC}") = "ejercicio 1", "ejercicio 1\ejercicio 1.csproj", "{96A4E7C1-C996-43F6-82D5-73AA3E56D129}"
EndProject
Global
	GlobalSection(SolutionConfigurationPlatforms) = preSolution
		Debug|Any CPU = Debug|Any CPU
		Release|Any CPU = Release|Any CPU
	EndGlobalSection
	GlobalSection(ProjectConfigurationPlatforms) = postSolution
		{96A4E7C1-C996-43F6-82D5-73AA3E56D129}.Debug|Any CPU.ActiveCfg = Debug|Any CPU
		{96A4E7C1-C996-43F6-82D5-73AA3E56D129}.Debug|Any CPU.Build.0 = Debug|Any CPU
		{96A4E7C1-C996-43F6-82D5-73AA3E56D129}.Release|Any CPU.ActiveCfg = Release|Any CPU
		{96A4E7C1-C996-43F6-82D5-73AA3E56D129}.Release|Any CPU.Build.0 = Release|Any CPU
	EndGlobalSection
	GlobalSection(SolutionProperties) = preSolution
		HideSolutionNode = FALSE
	EndGlobalSection
	GlobalSection(ExtensibilityGlobals) = postSolution
		SolutionGuid = {DF9498AD-867D-4659-9B47-4BFB7F9A0DE0}
	EndGlobalSection
EndGlobal
